
Microsoft Visual Studio Solution File, Format Version 12.00
# Visual Studio Version 17
VisualStudioVersion = 17.14.36518.9 d17.14
MinimumVisualStudioVersion = 10.0.40219.1
Project("{FAE04EC0-301F-11D3-BF4B-00C04F79EFBC}") = "Purchases.App", "Purchases.App\Purchases.App.csproj", "{B543012A-6490-43F7-BCF5-903412F0CD42}"
EndProject
Project("{FAE04EC0-301F-11D3-BF4B-00C04F79EFBC}") = "Purchases.Tests", "Purchases.Tests\Purchases.Tests.csproj", "{45BA08F0-DC4B-4125-A6D1-7FBE461A80F3}"
EndProject
Global
	GlobalSection(SolutionConfigurationPlatforms) = preSolution
		Debug|Any CPU = Debug|Any CPU
		Release|Any CPU = Release|Any CPU
	EndGlobalSection
	GlobalSection(ProjectConfigurationPlatforms) = postSolution
		{B543012A-6490-43F7-BCF5-903412F0CD42}.Debug|Any CPU.ActiveCfg = Debug|Any CPU
		{B543012A-6490-43F7-BCF5-903412F0CD42}.Debug|Any CPU.Build.0 = Debug|Any CPU
		{B543012A-6490-43F7-BCF5-903412F0CD42}.Release|Any CPU.ActiveCfg = Release|Any CPU
		{B543012A-6490-43F7-BCF5-903412F0CD42}.Release|Any CPU.Build.0 = Release|Any CPU
		{45BA08F0-DC4B-4125-A6D1-7FBE461A80F3}.Debug|Any CPU.ActiveCfg = Debug|Any CPU
		{45BA08F0-DC4B-4125-A6D1-7FBE461A80F3}.Debug|Any CPU.Build.0 = Debug|Any CPU
		{45BA08F0-DC4B-4125-A6D1-7FBE461A80F3}.Release|Any CPU.ActiveCfg = Release|Any CPU
		{45BA08F0-DC4B-4125-A6D1-7FBE461A80F3}.Release|Any CPU.Build.0 = Release|Any CPU
	EndGlobalSection
	GlobalSection(SolutionProperties) = preSolution
		HideSolutionNode = FALSE
	EndGlobalSection
	GlobalSection(ExtensibilityGlobals) = postSolution
		SolutionGuid = {B596892C-9B8F-4EF1-BDBE-230409613E83}
	EndGlobalSection
EndGlobal
